
Microsoft Visual Studio Solution File, Format Version 12.00
# Visual Studio Version 16
VisualStudioVersion = 16.0.30621.155
MinimumVisualStudioVersion = 10.0.40219.1
Project("{FAE04EC0-301F-11D3-BF4B-00C04F79EFBC}") = "test_retezce", "test_retezce\test_retezce.csproj", "{7A14B87B-AB82-47BA-AFFF-24C8D9787EEC}"
EndProject
Global
	GlobalSection(SolutionConfigurationPlatforms) = preSolution
		Debug|Any CPU = Debug|Any CPU
		Release|Any CPU = Release|Any CPU
	EndGlobalSection
	GlobalSection(ProjectConfigurationPlatforms) = postSolution
		{7A14B87B-AB82-47BA-AFFF-24C8D9787EEC}.Debug|Any CPU.ActiveCfg = Debug|Any CPU
		{7A14B87B-AB82-47BA-AFFF-24C8D9787EEC}.Debug|Any CPU.Build.0 = Debug|Any CPU
		{7A14B87B-AB82-47BA-AFFF-24C8D9787EEC}.Release|Any CPU.ActiveCfg = Release|Any CPU
		{7A14B87B-AB82-47BA-AFFF-24C8D9787EEC}.Release|Any CPU.Build.0 = Release|Any CPU
	EndGlobalSection
	GlobalSection(SolutionProperties) = preSolution
		HideSolutionNode = FALSE
	EndGlobalSection
	GlobalSection(ExtensibilityGlobals) = postSolution
		SolutionGuid = {EA88D064-A2D3-424E-967D-F4C1AD4DDDC4}
	EndGlobalSection
EndGlobal
